
Microsoft Visual Studio Solution File, Format Version 12.00
# Visual Studio Version 17
VisualStudioVersion = 17.5.33516.290
MinimumVisualStudioVersion = 10.0.40219.1
Project("{FAE04EC0-301F-11D3-BF4B-00C04F79EFBC}") = "BlazorApp1", "BlazorApp1\BlazorApp1.csproj", "{DCEB2E13-9C5C-4B5E-9D67-54860C0F3FB2}"
EndProject
Global
	GlobalSection(SolutionConfigurationPlatforms) = preSolution
		Debug|Any CPU = Debug|Any CPU
		Release|Any CPU = Release|Any CPU
	EndGlobalSection
	GlobalSection(ProjectConfigurationPlatforms) = postSolution
		{DCEB2E13-9C5C-4B5E-9D67-54860C0F3FB2}.Debug|Any CPU.ActiveCfg = Debug|Any CPU
		{DCEB2E13-9C5C-4B5E-9D67-54860C0F3FB2}.Debug|Any CPU.Build.0 = Debug|Any CPU
		{DCEB2E13-9C5C-4B5E-9D67-54860C0F3FB2}.Release|Any CPU.ActiveCfg = Release|Any CPU
		{DCEB2E13-9C5C-4B5E-9D67-54860C0F3FB2}.Release|Any CPU.Build.0 = Release|Any CPU
	EndGlobalSection
	GlobalSection(SolutionProperties) = preSolution
		HideSolutionNode = FALSE
	EndGlobalSection
	GlobalSection(ExtensibilityGlobals) = postSolution
		SolutionGuid = {34A7C843-5BC0-4D1F-BD50-647502AE9215}
	EndGlobalSection
EndGlobal
